
Microsoft Visual Studio Solution File, Format Version 12.00
# Visual Studio Version 17
VisualStudioVersion = 17.6.33815.320
MinimumVisualStudioVersion = 10.0.40219.1
Project("{9A19103F-16F7-4668-BE54-9A1E7A4F7556}") = "Marketplace.Wpf", "Marketplace.Wpf\Marketplace.Wpf.csproj", "{1187547A-DC6E-487C-A29D-813BBD07BA93}"
EndProject
Project("{9A19103F-16F7-4668-BE54-9A1E7A4F7556}") = "Marketplace.EntityFramework", "Marketplace.EntityFramework\Marketplace.EntityFramework.csproj", "{A932CA01-CFDE-4536-B701-F295751A0101}"
EndProject
Project("{9A19103F-16F7-4668-BE54-9A1E7A4F7556}") = "Marketplace.Domain", "Marketplace.Domain\Marketplace.Domain.csproj", "{B18D75FE-A859-4DF8-AA8B-4F2EA09CF09B}"
EndProject
Project("{9A19103F-16F7-4668-BE54-9A1E7A4F7556}") = "Marketplace.Playground", "Marketplace.Playground\Marketplace.Playground.csproj", "{4D8FBB8E-3C85-4C1E-9F38-FE336E25C993}"
EndProject
Project("{9A19103F-16F7-4668-BE54-9A1E7A4F7556}") = "Marketplace.SmokeTest", "Marketplace.SmokeTest\Marketplace.SmokeTest.csproj", "{FFBFDD00-DFCA-4037-96AD-81279A9E086F}"
EndProject
Project("{9A19103F-16F7-4668-BE54-9A1E7A4F7556}") = "Marketplace.Wpf.Screenshot", "Marketplace.Wpf.Screenshot\Marketplace.Wpf.Screenshot.csproj", "{589E907E-E967-4EF9-BED1-0C3B0322312F}"
EndProject
Global
	GlobalSection(SolutionConfigurationPlatforms) = preSolution
		Debug|Any CPU = Debug|Any CPU
		Release|Any CPU = Release|Any CPU
	EndGlobalSection
	GlobalSection(ProjectConfigurationPlatforms) = postSolution
		{1187547A-DC6E-487C-A29D-813BBD07BA93}.Debug|Any CPU.ActiveCfg = Debug|Any CPU
		{1187547A-DC6E-487C-A29D-813BBD07BA93}.Debug|Any CPU.Build.0 = Debug|Any CPU
		{1187547A-DC6E-487C-A29D-813BBD07BA93}.Release|Any CPU.ActiveCfg = Release|Any CPU
		{1187547A-DC6E-487C-A29D-813BBD07BA93}.Release|Any CPU.Build.0 = Release|Any CPU
		{A932CA01-CFDE-4536-B701-F295751A0101}.Debug|Any CPU.ActiveCfg = Debug|Any CPU
		{A932CA01-CFDE-4536-B701-F295751A0101}.Debug|Any CPU.Build.0 = Debug|Any CPU
		{A932CA01-CFDE-4536-B701-F295751A0101}.Release|Any CPU.ActiveCfg = Release|Any CPU
		{A932CA01-CFDE-4536-B701-F295751A0101}.Release|Any CPU.Build.0 = Release|Any CPU
		{B18D75FE-A859-4DF8-AA8B-4F2EA09CF09B}.Debug|Any CPU.ActiveCfg = Debug|Any CPU
		{B18D75FE-A859-4DF8-AA8B-4F2EA09CF09B}.Debug|Any CPU.Build.0 = Debug|Any CPU
		{B18D75FE-A859-4DF8-AA8B-4F2EA09CF09B}.Release|Any CPU.ActiveCfg = Release|Any CPU
		{B18D75FE-A859-4DF8-AA8B-4F2EA09CF09B}.Release|Any CPU.Build.0 = Release|Any CPU
		{4D8FBB8E-3C85-4C1E-9F38-FE336E25C993}.Debug|Any CPU.ActiveCfg = Debug|Any CPU
		{4D8FBB8E-3C85-4C1E-9F38-FE336E25C993}.Debug|Any CPU.Build.0 = Debug|Any CPU
		{4D8FBB8E-3C85-4C1E-9F38-FE336E25C993}.Release|Any CPU.ActiveCfg = Release|Any CPU
		{4D8FBB8E-3C85-4C1E-9F38-FE336E25C993}.Release|Any CPU.Build.0 = Release|Any CPU
		{FFBFDD00-DFCA-4037-96AD-81279A9E086F}.Debug|Any CPU.ActiveCfg = Debug|Any CPU
		{FFBFDD00-DFCA-4037-96AD-81279A9E086F}.Debug|Any CPU.Build.0 = Debug|Any CPU
		{FFBFDD00-DFCA-4037-96AD-81279A9E086F}.Release|Any CPU.ActiveCfg = Release|Any CPU
		{FFBFDD00-DFCA-4037-96AD-81279A9E086F}.Release|Any CPU.Build.0 = Release|Any CPU
		{589E907E-E967-4EF9-BED1-0C3B0322312F}.Debug|Any CPU.ActiveCfg = Debug|Any CPU
		{589E907E-E967-4EF9-BED1-0C3B0322312F}.Debug|Any CPU.Build.0 = Debug|Any CPU
		{589E907E-E967-4EF9-BED1-0C3B0322312F}.Release|Any CPU.ActiveCfg = Release|Any CPU
		{589E907E-E967-4EF9-BED1-0C3B0322312F}.Release|Any CPU.Build.0 = Release|Any CPU
	EndGlobalSection
	GlobalSection(SolutionProperties) = preSolution
		HideSolutionNode = FALSE
	EndGlobalSection
	GlobalSection(ExtensibilityGlobals) = postSolution
		SolutionGuid = {F1DE9085-A42D-4D6E-B16A-D0B694F68F8B}
	EndGlobalSection
EndGlobal
